{
  "requires": true,
  "lockfileVersion": 1,
  "dependencies": {
    "rpg-awesome": {
      "version": "0.2.0",
      "resolved": "https://registry.npmjs.org/rpg-awesome/-/rpg-awesome-0.2.0.tgz",
      "integrity": "sha512-+jTuYWHOs8iZV5+XKvI/7Ojr0k4pLX/dRpa2LHXReGMQI6h0cGvNxIh/AQY1zhAC7LPcNXnPTliD1/ugB/DbRA=="
    }
  }
}
