{
  "name": "spire",
  "version": "1.0.3",
  "lockfileVersion": 2,
  "requires": true,
  "packages": {
    "": {
      "version": "1.0.3",
      "dependencies": {
        "vue-color": "^2.8.1"
      }
    },
    "node_modules/clamp": {
      "version": "1.0.1",
      "resolved": "https://registry.npmjs.org/clamp/-/clamp-1.0.1.tgz",
      "integrity": "sha1-ZqDmQBGBbjcZaCj9yMjBRzEshjQ="
    },
    "node_modules/lodash.throttle": {
      "version": "4.1.1",
      "resolved": "https://registry.npmjs.org/lodash.throttle/-/lodash.throttle-4.1.1.tgz",
      "integrity": "sha1-wj6RtxAkKscMN/HhzaknTMOb8vQ="
    },
    "node_modules/material-colors": {
      "version": "1.2.6",
      "resolved": "https://registry.npmjs.org/material-colors/-/material-colors-1.2.6.tgz",
      "integrity": "sha512-6qE4B9deFBIa9YSpOc9O0Sgc43zTeVYbgDT5veRKSlB2+ZuHNoVVxA1L/ckMUayV9Ay9y7Z/SZCLcGteW9i7bg=="
    },
    "node_modules/tinycolor2": {
      "version": "1.4.2",
      "resolved": "https://registry.npmjs.org/tinycolor2/-/tinycolor2-1.4.2.tgz",
      "integrity": "sha512-vJhccZPs965sV/L2sU4oRQVAos0pQXwsvTLkWYdqJ+a8Q5kPFzJTuOFwy7UniPli44NKQGAglksjvOcpo95aZA==",
      "engines": {
        "node": "*"
      }
    },
    "node_modules/vue-color": {
      "version": "2.8.1",
      "resolved": "https://registry.npmjs.org/vue-color/-/vue-color-2.8.1.tgz",
      "integrity": "sha512-BoLCEHisXi2QgwlhZBg9UepvzZZmi4176vbr+31Shen5WWZwSLVgdScEPcB+yrAtuHAz42309C0A4+WiL9lNBw==",
      "dependencies": {
        "clamp": "^1.0.1",
        "lodash.throttle": "^4.0.0",
        "material-colors": "^1.0.0",
        "tinycolor2": "^1.1.2"
      }
    }
  },
  "dependencies": {
    "clamp": {
      "version": "1.0.1",
      "resolved": "https://registry.npmjs.org/clamp/-/clamp-1.0.1.tgz",
      "integrity": "sha1-ZqDmQBGBbjcZaCj9yMjBRzEshjQ="
    },
    "lodash.throttle": {
      "version": "4.1.1",
      "resolved": "https://registry.npmjs.org/lodash.throttle/-/lodash.throttle-4.1.1.tgz",
      "integrity": "sha1-wj6RtxAkKscMN/HhzaknTMOb8vQ="
    },
    "material-colors": {
      "version": "1.2.6",
      "resolved": "https://registry.npmjs.org/material-colors/-/material-colors-1.2.6.tgz",
      "integrity": "sha512-6qE4B9deFBIa9YSpOc9O0Sgc43zTeVYbgDT5veRKSlB2+ZuHNoVVxA1L/ckMUayV9Ay9y7Z/SZCLcGteW9i7bg=="
    },
    "tinycolor2": {
      "version": "1.4.2",
      "resolved": "https://registry.npmjs.org/tinycolor2/-/tinycolor2-1.4.2.tgz",
      "integrity": "sha512-vJhccZPs965sV/L2sU4oRQVAos0pQXwsvTLkWYdqJ+a8Q5kPFzJTuOFwy7UniPli44NKQGAglksjvOcpo95aZA=="
    },
    "vue-color": {
      "version": "2.8.1",
      "resolved": "https://registry.npmjs.org/vue-color/-/vue-color-2.8.1.tgz",
      "integrity": "sha512-BoLCEHisXi2QgwlhZBg9UepvzZZmi4176vbr+31Shen5WWZwSLVgdScEPcB+yrAtuHAz42309C0A4+WiL9lNBw==",
      "requires": {
        "clamp": "^1.0.1",
        "lodash.throttle": "^4.0.0",
        "material-colors": "^1.0.0",
        "tinycolor2": "^1.1.2"
      }
    }
  }
}
